
Microsoft Visual Studio Solution File, Format Version 12.00
# Visual Studio Version 17
VisualStudioVersion = 17.7.34009.444
MinimumVisualStudioVersion = 10.0.40219.1
Project("{9A19103F-16F7-4668-BE54-9A1E7A4F7556}") = "GC", "GC\GC.csproj", "{B864C388-BB91-4765-8E07-6E59D5A1D87C}"
EndProject
Project("{FAE04EC0-301F-11D3-BF4B-00C04F79EFBC}") = "Demo", "Demo\Demo.csproj", "{F8B92278-773F-4599-B223-0AF1F11C7BA3}"
EndProject
Global
	GlobalSection(SolutionConfigurationPlatforms) = preSolution
		Debug|Any CPU = Debug|Any CPU
		Release|Any CPU = Release|Any CPU
	EndGlobalSection
	GlobalSection(ProjectConfigurationPlatforms) = postSolution
		{B864C388-BB91-4765-8E07-6E59D5A1D87C}.Debug|Any CPU.ActiveCfg = Debug|Any CPU
		{B864C388-BB91-4765-8E07-6E59D5A1D87C}.Debug|Any CPU.Build.0 = Debug|Any CPU
		{B864C388-BB91-4765-8E07-6E59D5A1D87C}.Release|Any CPU.ActiveCfg = Release|Any CPU
		{B864C388-BB91-4765-8E07-6E59D5A1D87C}.Release|Any CPU.Build.0 = Release|Any CPU
		{F8B92278-773F-4599-B223-0AF1F11C7BA3}.Debug|Any CPU.ActiveCfg = Debug|Any CPU
		{F8B92278-773F-4599-B223-0AF1F11C7BA3}.Debug|Any CPU.Build.0 = Debug|Any CPU
		{F8B92278-773F-4599-B223-0AF1F11C7BA3}.Release|Any CPU.ActiveCfg = Release|Any CPU
		{F8B92278-773F-4599-B223-0AF1F11C7BA3}.Release|Any CPU.Build.0 = Release|Any CPU
	EndGlobalSection
	GlobalSection(SolutionProperties) = preSolution
		HideSolutionNode = FALSE
	EndGlobalSection
	GlobalSection(ExtensibilityGlobals) = postSolution
		SolutionGuid = {2F56956F-51F2-4674-BD4F-003EF0A20D59}
	EndGlobalSection
EndGlobal
